
Microsoft Visual Studio Solution File, Format Version 12.00
# Visual Studio Version 16
VisualStudioVersion = 16.0.30413.136
MinimumVisualStudioVersion = 10.0.40219.1
Project("{FAE04EC0-301F-11D3-BF4B-00C04F79EFBC}") = "ConsoleApp2", "ConsoleApp2\ConsoleApp2.csproj", "{213B8B9C-8777-4148-BCFC-AF9D4FEC2781}"
EndProject
Global
	GlobalSection(SolutionConfigurationPlatforms) = preSolution
		Debug|Any CPU = Debug|Any CPU
		Release|Any CPU = Release|Any CPU
	EndGlobalSection
	GlobalSection(ProjectConfigurationPlatforms) = postSolution
		{213B8B9C-8777-4148-BCFC-AF9D4FEC2781}.Debug|Any CPU.ActiveCfg = Debug|Any CPU
		{213B8B9C-8777-4148-BCFC-AF9D4FEC2781}.Debug|Any CPU.Build.0 = Debug|Any CPU
		{213B8B9C-8777-4148-BCFC-AF9D4FEC2781}.Release|Any CPU.ActiveCfg = Release|Any CPU
		{213B8B9C-8777-4148-BCFC-AF9D4FEC2781}.Release|Any CPU.Build.0 = Release|Any CPU
	EndGlobalSection
	GlobalSection(SolutionProperties) = preSolution
		HideSolutionNode = FALSE
	EndGlobalSection
	GlobalSection(ExtensibilityGlobals) = postSolution
		SolutionGuid = {BAD9973F-D5F0-42B7-A977-F7F4DF375AB2}
	EndGlobalSection
EndGlobal
