
Microsoft Visual Studio Solution File, Format Version 12.00
# Visual Studio Version 16
VisualStudioVersion = 16.0.30413.136
MinimumVisualStudioVersion = 10.0.40219.1
Project("{FAE04EC0-301F-11D3-BF4B-00C04F79EFBC}") = "Aula01", "Aula01\Aula01.csproj", "{CAF36DE7-9052-4039-BCED-1EB6D498BB2B}"
EndProject
Global
	GlobalSection(SolutionConfigurationPlatforms) = preSolution
		Debug|Any CPU = Debug|Any CPU
		Release|Any CPU = Release|Any CPU
	EndGlobalSection
	GlobalSection(ProjectConfigurationPlatforms) = postSolution
		{CAF36DE7-9052-4039-BCED-1EB6D498BB2B}.Debug|Any CPU.ActiveCfg = Debug|Any CPU
		{CAF36DE7-9052-4039-BCED-1EB6D498BB2B}.Debug|Any CPU.Build.0 = Debug|Any CPU
		{CAF36DE7-9052-4039-BCED-1EB6D498BB2B}.Release|Any CPU.ActiveCfg = Release|Any CPU
		{CAF36DE7-9052-4039-BCED-1EB6D498BB2B}.Release|Any CPU.Build.0 = Release|Any CPU
	EndGlobalSection
	GlobalSection(SolutionProperties) = preSolution
		HideSolutionNode = FALSE
	EndGlobalSection
	GlobalSection(ExtensibilityGlobals) = postSolution
		SolutionGuid = {4300027C-2DEB-4D0B-A78E-8BB5BFB948AD}
	EndGlobalSection
EndGlobal
