
Microsoft Visual Studio Solution File, Format Version 12.00
# Visual Studio Version 16
VisualStudioVersion = 16.0.30413.136
MinimumVisualStudioVersion = 10.0.40219.1
Project("{FAE04EC0-301F-11D3-BF4B-00C04F79EFBC}") = "DAula01", "DAula01\DAula01.csproj", "{6CD7D101-8091-47D0-B54B-45FE385226A5}"
EndProject
Global
	GlobalSection(SolutionConfigurationPlatforms) = preSolution
		Debug|Any CPU = Debug|Any CPU
		Release|Any CPU = Release|Any CPU
	EndGlobalSection
	GlobalSection(ProjectConfigurationPlatforms) = postSolution
		{6CD7D101-8091-47D0-B54B-45FE385226A5}.Debug|Any CPU.ActiveCfg = Debug|Any CPU
		{6CD7D101-8091-47D0-B54B-45FE385226A5}.Debug|Any CPU.Build.0 = Debug|Any CPU
		{6CD7D101-8091-47D0-B54B-45FE385226A5}.Release|Any CPU.ActiveCfg = Release|Any CPU
		{6CD7D101-8091-47D0-B54B-45FE385226A5}.Release|Any CPU.Build.0 = Release|Any CPU
	EndGlobalSection
	GlobalSection(SolutionProperties) = preSolution
		HideSolutionNode = FALSE
	EndGlobalSection
	GlobalSection(ExtensibilityGlobals) = postSolution
		SolutionGuid = {6D0CCA28-0726-425F-A150-2521E7CCD96F}
	EndGlobalSection
EndGlobal
