
Microsoft Visual Studio Solution File, Format Version 12.00
# Visual Studio Version 16
VisualStudioVersion = 16.0.30413.136
MinimumVisualStudioVersion = 10.0.40219.1
Project("{FAE04EC0-301F-11D3-BF4B-00C04F79EFBC}") = "Aula2Sergio", "Aula2Sergio\Aula2Sergio.csproj", "{00B7B418-3A74-4F71-AE5E-64C5B77DC91F}"
EndProject
Global
	GlobalSection(SolutionConfigurationPlatforms) = preSolution
		Debug|Any CPU = Debug|Any CPU
		Release|Any CPU = Release|Any CPU
	EndGlobalSection
	GlobalSection(ProjectConfigurationPlatforms) = postSolution
		{00B7B418-3A74-4F71-AE5E-64C5B77DC91F}.Debug|Any CPU.ActiveCfg = Debug|Any CPU
		{00B7B418-3A74-4F71-AE5E-64C5B77DC91F}.Debug|Any CPU.Build.0 = Debug|Any CPU
		{00B7B418-3A74-4F71-AE5E-64C5B77DC91F}.Release|Any CPU.ActiveCfg = Release|Any CPU
		{00B7B418-3A74-4F71-AE5E-64C5B77DC91F}.Release|Any CPU.Build.0 = Release|Any CPU
	EndGlobalSection
	GlobalSection(SolutionProperties) = preSolution
		HideSolutionNode = FALSE
	EndGlobalSection
	GlobalSection(ExtensibilityGlobals) = postSolution
		SolutionGuid = {C5211010-8FB8-4458-AAEC-1F9D39A0E4F9}
	EndGlobalSection
EndGlobal
