
Microsoft Visual Studio Solution File, Format Version 12.00
# Visual Studio Version 16
VisualStudioVersion = 16.0.30413.136
MinimumVisualStudioVersion = 10.0.40219.1
Project("{FAE04EC0-301F-11D3-BF4B-00C04F79EFBC}") = "Aula5Sergio", "Aula5Sergio\Aula5Sergio.csproj", "{6DCC894D-EE8B-4BDD-95FA-CE9D8A6D2BE5}"
EndProject
Global
	GlobalSection(SolutionConfigurationPlatforms) = preSolution
		Debug|Any CPU = Debug|Any CPU
		Release|Any CPU = Release|Any CPU
	EndGlobalSection
	GlobalSection(ProjectConfigurationPlatforms) = postSolution
		{6DCC894D-EE8B-4BDD-95FA-CE9D8A6D2BE5}.Debug|Any CPU.ActiveCfg = Debug|Any CPU
		{6DCC894D-EE8B-4BDD-95FA-CE9D8A6D2BE5}.Debug|Any CPU.Build.0 = Debug|Any CPU
		{6DCC894D-EE8B-4BDD-95FA-CE9D8A6D2BE5}.Release|Any CPU.ActiveCfg = Release|Any CPU
		{6DCC894D-EE8B-4BDD-95FA-CE9D8A6D2BE5}.Release|Any CPU.Build.0 = Release|Any CPU
	EndGlobalSection
	GlobalSection(SolutionProperties) = preSolution
		HideSolutionNode = FALSE
	EndGlobalSection
	GlobalSection(ExtensibilityGlobals) = postSolution
		SolutionGuid = {C379A7BF-C614-45EE-A019-6F2CBC2817F8}
	EndGlobalSection
EndGlobal
