
Microsoft Visual Studio Solution File, Format Version 12.00
# Visual Studio Version 16
VisualStudioVersion = 16.0.30503.244
MinimumVisualStudioVersion = 10.0.40219.1
Project("{FAE04EC0-301F-11D3-BF4B-00C04F79EFBC}") = "Exercicios.Domain", "Exercicios.Domain\Exercicios.Domain.csproj", "{C3DB82AB-566E-43A6-8A7B-4F061EDCFD7F}"
EndProject
Project("{FAE04EC0-301F-11D3-BF4B-00C04F79EFBC}") = "Exercicios.Tests", "Exercicios.Tests\Exercicios.Tests.csproj", "{E055AD9C-035E-491B-9B39-6BAA515339A3}"
EndProject
Global
	GlobalSection(SolutionConfigurationPlatforms) = preSolution
		Debug|Any CPU = Debug|Any CPU
		Release|Any CPU = Release|Any CPU
	EndGlobalSection
	GlobalSection(ProjectConfigurationPlatforms) = postSolution
		{C3DB82AB-566E-43A6-8A7B-4F061EDCFD7F}.Debug|Any CPU.ActiveCfg = Debug|Any CPU
		{C3DB82AB-566E-43A6-8A7B-4F061EDCFD7F}.Debug|Any CPU.Build.0 = Debug|Any CPU
		{C3DB82AB-566E-43A6-8A7B-4F061EDCFD7F}.Release|Any CPU.ActiveCfg = Release|Any CPU
		{C3DB82AB-566E-43A6-8A7B-4F061EDCFD7F}.Release|Any CPU.Build.0 = Release|Any CPU
		{E055AD9C-035E-491B-9B39-6BAA515339A3}.Debug|Any CPU.ActiveCfg = Debug|Any CPU
		{E055AD9C-035E-491B-9B39-6BAA515339A3}.Debug|Any CPU.Build.0 = Debug|Any CPU
		{E055AD9C-035E-491B-9B39-6BAA515339A3}.Release|Any CPU.ActiveCfg = Release|Any CPU
		{E055AD9C-035E-491B-9B39-6BAA515339A3}.Release|Any CPU.Build.0 = Release|Any CPU
	EndGlobalSection
	GlobalSection(SolutionProperties) = preSolution
		HideSolutionNode = FALSE
	EndGlobalSection
	GlobalSection(ExtensibilityGlobals) = postSolution
		SolutionGuid = {1702132D-9AA0-483A-A6EB-74BEE5AF9FE6}
	EndGlobalSection
EndGlobal
