
Microsoft Visual Studio Solution File, Format Version 12.00
# Visual Studio Version 16
VisualStudioVersion = 16.0.30413.136
MinimumVisualStudioVersion = 10.0.40219.1
Project("{FAE04EC0-301F-11D3-BF4B-00C04F79EFBC}") = "Exercicios.Domain", "Exercicios.Domain\Exercicios.Domain.csproj", "{83AC5A90-BBC1-48BD-A744-FDB6B472B0CD}"
EndProject
Project("{FAE04EC0-301F-11D3-BF4B-00C04F79EFBC}") = "Exercicios.Tests", "Exercicios.Tests\Exercicios.Tests.csproj", "{74125570-98B4-4DDF-BF6B-7032508D25E5}"
EndProject
Global
	GlobalSection(SolutionConfigurationPlatforms) = preSolution
		Debug|Any CPU = Debug|Any CPU
		Release|Any CPU = Release|Any CPU
	EndGlobalSection
	GlobalSection(ProjectConfigurationPlatforms) = postSolution
		{83AC5A90-BBC1-48BD-A744-FDB6B472B0CD}.Debug|Any CPU.ActiveCfg = Debug|Any CPU
		{83AC5A90-BBC1-48BD-A744-FDB6B472B0CD}.Debug|Any CPU.Build.0 = Debug|Any CPU
		{83AC5A90-BBC1-48BD-A744-FDB6B472B0CD}.Release|Any CPU.ActiveCfg = Release|Any CPU
		{83AC5A90-BBC1-48BD-A744-FDB6B472B0CD}.Release|Any CPU.Build.0 = Release|Any CPU
		{74125570-98B4-4DDF-BF6B-7032508D25E5}.Debug|Any CPU.ActiveCfg = Debug|Any CPU
		{74125570-98B4-4DDF-BF6B-7032508D25E5}.Debug|Any CPU.Build.0 = Debug|Any CPU
		{74125570-98B4-4DDF-BF6B-7032508D25E5}.Release|Any CPU.ActiveCfg = Release|Any CPU
		{74125570-98B4-4DDF-BF6B-7032508D25E5}.Release|Any CPU.Build.0 = Release|Any CPU
	EndGlobalSection
	GlobalSection(SolutionProperties) = preSolution
		HideSolutionNode = FALSE
	EndGlobalSection
	GlobalSection(ExtensibilityGlobals) = postSolution
		SolutionGuid = {A3563631-ED2E-4946-96BA-D45B351F93B9}
	EndGlobalSection
EndGlobal
