
Microsoft Visual Studio Solution File, Format Version 12.00
# Visual Studio Version 16
VisualStudioVersion = 16.0.30330.147
MinimumVisualStudioVersion = 10.0.40219.1
Project("{FAE04EC0-301F-11D3-BF4B-00C04F79EFBC}") = "Exercicios.Domain", "Exercicios.Domain\Exercicios.Domain.csproj", "{D7457BFD-AB4D-4824-AE26-80B3D59BFD0C}"
EndProject
Project("{FAE04EC0-301F-11D3-BF4B-00C04F79EFBC}") = "Exercicios.Tests", "Exercicios.Tests\Exercicios.Tests.csproj", "{999E8F60-F7C0-4B2D-81EF-C9A9A926F967}"
EndProject
Global
	GlobalSection(SolutionConfigurationPlatforms) = preSolution
		Debug|Any CPU = Debug|Any CPU
		Release|Any CPU = Release|Any CPU
	EndGlobalSection
	GlobalSection(ProjectConfigurationPlatforms) = postSolution
		{D7457BFD-AB4D-4824-AE26-80B3D59BFD0C}.Debug|Any CPU.ActiveCfg = Debug|Any CPU
		{D7457BFD-AB4D-4824-AE26-80B3D59BFD0C}.Debug|Any CPU.Build.0 = Debug|Any CPU
		{D7457BFD-AB4D-4824-AE26-80B3D59BFD0C}.Release|Any CPU.ActiveCfg = Release|Any CPU
		{D7457BFD-AB4D-4824-AE26-80B3D59BFD0C}.Release|Any CPU.Build.0 = Release|Any CPU
		{999E8F60-F7C0-4B2D-81EF-C9A9A926F967}.Debug|Any CPU.ActiveCfg = Debug|Any CPU
		{999E8F60-F7C0-4B2D-81EF-C9A9A926F967}.Debug|Any CPU.Build.0 = Debug|Any CPU
		{999E8F60-F7C0-4B2D-81EF-C9A9A926F967}.Release|Any CPU.ActiveCfg = Release|Any CPU
		{999E8F60-F7C0-4B2D-81EF-C9A9A926F967}.Release|Any CPU.Build.0 = Release|Any CPU
	EndGlobalSection
	GlobalSection(SolutionProperties) = preSolution
		HideSolutionNode = FALSE
	EndGlobalSection
	GlobalSection(ExtensibilityGlobals) = postSolution
		SolutionGuid = {8984CB64-7F88-4D2E-8DC2-9D72C5715CC5}
	EndGlobalSection
EndGlobal
